
Microsoft Visual Studio Solution File, Format Version 12.00
# Visual Studio 15
Project("{FAE04EC0-301F-11D3-BF4B-00C04F79EFBC}") = "Assembly-CSharp", "Assembly-CSharp.csproj", "{DD233951-F0D5-05EC-9EF0-78A4B1C91799}"
EndProject
Global
	GlobalSection(SolutionConfigurationPlatforms) = preSolution
		Debug|Any CPU = Debug|Any CPU
		Release|Any CPU = Release|Any CPU
	EndGlobalSection
	GlobalSection(ProjectConfigurationPlatforms) = postSolution
		{DD233951-F0D5-05EC-9EF0-78A4B1C91799}.Debug|Any CPU.ActiveCfg = Debug|Any CPU
		{DD233951-F0D5-05EC-9EF0-78A4B1C91799}.Debug|Any CPU.Build.0 = Debug|Any CPU
		{DD233951-F0D5-05EC-9EF0-78A4B1C91799}.Release|Any CPU.ActiveCfg = Release|Any CPU
		{DD233951-F0D5-05EC-9EF0-78A4B1C91799}.Release|Any CPU.Build.0 = Release|Any CPU
	EndGlobalSection
	GlobalSection(SolutionProperties) = preSolution
		HideSolutionNode = FALSE
	EndGlobalSection
EndGlobal
